lockfileVersion: '9.0'

settings:
  autoInstallPeers: true
  excludeLinksFromLockfile: false

importers:

  .:
    dependencies:
      '@std/http':
        specifier: npm:@jsr/std__http@^1.0.12
        version: '@jsr/std__http@1.0.12'

packages:

  '@jsr/std__bytes@1.0.5':
    resolution: {integrity: sha512-jcyXQSy5zAh2/6NLMWUkhJuQ0HihY5RwWF5RvpZyEmpmBaokkTwPkev0sqHzNJJvNusDUMznVBIclTT9augCkg==, tarball: https://npm.jsr.io/~/11/@jsr/std__bytes/1.0.5.tgz}

  '@jsr/std__cli@1.0.16':
    resolution: {integrity: sha512-Yi2EBsZCNyYK9Zw92U89LkWxgy9GGIg5xdzabaIldg4mR7NuWoxBIj7JIQTjPHgIlbW0JKgbP5tsLnz4re3Xgw==, tarball: https://npm.jsr.io/~/11/@jsr/std__cli/1.0.16.tgz}

  '@jsr/std__encoding@1.0.9':
    resolution: {integrity: sha512-Qi+jPntT9SwhbBn3yotEz3sFs1u8QKfVVOUqeQcVYk+m4JaEnVM7OyeFad5DZQXwcfjIHGJwChntr3aYfSIwPg==, tarball: https://npm.jsr.io/~/11/@jsr/std__encoding/1.0.9.tgz}

  '@jsr/std__fmt@1.0.6':
    resolution: {integrity: sha512-oPA9iNSb2Cg50Les9HUxpZ1Iw6To6yn2dawJ/SiO9SRMHE0Fh7EbRw5TLz9iwkrAfoWg9NfqRYkyNkDAg0B2ZQ==, tarball: https://npm.jsr.io/~/11/@jsr/std__fmt/1.0.6.tgz}

  '@jsr/std__html@1.0.3':
    resolution: {integrity: sha512-yJrM4yMRZ3EQgzqR5oAP4xc4+QVo1GgimZ5NszA38quXCsFna0bEpl4heyosUtcDjuSYSdBGr5dKAQlfkQpZCQ==, tarball: https://npm.jsr.io/~/11/@jsr/std__html/1.0.3.tgz}

  '@jsr/std__http@1.0.12':
    resolution: {integrity: sha512-AGdon4ifRfI2KmI/7JOEGGp27pqCxemDWSLDqk79C7YM7tOUVYunRsJqc91p7TTWZY0nJs1lFmX336HpseoBOQ==, tarball: https://npm.jsr.io/~/11/@jsr/std__http/1.0.12.tgz}

  '@jsr/std__media-types@1.1.0':
    resolution: {integrity: sha512-dHvaxHL7ENWnltgL653uo3KnKFse3ZbopZop2gqsT7yrscx7irZEClu5Cba7gMPPRk4Lg1FbriNcaBViM2RSBw==, tarball: https://npm.jsr.io/~/11/@jsr/std__media-types/1.1.0.tgz}

  '@jsr/std__net@1.0.4':
    resolution: {integrity: sha512-KJGU8ZpQ70sMW2Zk+wU3wFUkggS9lTLfRFBygnV9VaK8KI+1ggiqtB06rH4a14CNRGM9y46Mn/ZCbQUd4Q45Jg==, tarball: https://npm.jsr.io/~/11/@jsr/std__net/1.0.4.tgz}

  '@jsr/std__path@1.0.8':
    resolution: {integrity: sha512-eNBGlh/8ZVkMxtFH4bwIzlAeKoHYk5in4wrBZhi20zMdOiuX4QozP4+19mIXBT2lzHDjhuVLyECbhFeR304iDg==, tarball: https://npm.jsr.io/~/11/@jsr/std__path/1.0.8.tgz}

  '@jsr/std__streams@1.0.9':
    resolution: {integrity: sha512-nPkEijnOPwLQt6ZtvOajE6F2hCmRILaq0kR6I0JFVvxSsvhdeyFMGc8F4DqypCpfq/U+8umLcE0RNMcYdx4NlQ==, tarball: https://npm.jsr.io/~/11/@jsr/std__streams/1.0.9.tgz}

snapshots:

  '@jsr/std__bytes@1.0.5': {}

  '@jsr/std__cli@1.0.16': {}

  '@jsr/std__encoding@1.0.9': {}

  '@jsr/std__fmt@1.0.6': {}

  '@jsr/std__html@1.0.3': {}

  '@jsr/std__http@1.0.12':
    dependencies:
      '@jsr/std__cli': 1.0.16
      '@jsr/std__encoding': 1.0.9
      '@jsr/std__fmt': 1.0.6
      '@jsr/std__html': 1.0.3
      '@jsr/std__media-types': 1.1.0
      '@jsr/std__net': 1.0.4
      '@jsr/std__path': 1.0.8
      '@jsr/std__streams': 1.0.9

  '@jsr/std__media-types@1.1.0': {}

  '@jsr/std__net@1.0.4': {}

  '@jsr/std__path@1.0.8': {}

  '@jsr/std__streams@1.0.9':
    dependencies:
      '@jsr/std__bytes': 1.0.5
