# THIS IS AN AUTOGENERATED FILE. DO NOT EDIT THIS FILE DIRECTLY.
# yarn lockfile v1


"@jsr/std__bytes@^1.0.5":
  version "1.0.5"
  resolved "https://npm.jsr.io/~/11/@jsr/std__bytes/1.0.5.tgz#E33BA1F24E6B4BD56E4816EEC94401BDE925749E"
  integrity sha512-jcyXQSy5zAh2/6NLMWUkhJuQ0HihY5RwWF5RvpZyEmpmBaokkTwPkev0sqHzNJJvNusDUMznVBIclTT9augCkg==

"@jsr/std__cli@^1.0.8":
  version "1.0.15"
  resolved "https://npm.jsr.io/~/11/@jsr/std__cli/1.0.15.tgz#0C0F5112DAA6082B663C54FDA5CC224CBB224078"
  integrity sha512-IH4eLDAD3541bfqiGecZgXTLb5fMvcl6+2Eo830CZ65yWVoTHEhmcG4V7L0mVXTkEsQ0tjS4FLs5MoskDe46Vg==

"@jsr/std__encoding@^1.0.5":
  version "1.0.8"
  resolved "https://npm.jsr.io/~/11/@jsr/std__encoding/1.0.8.tgz#D38679B5879750A4AF4BE43F725A448A5CFDC6A2"
  integrity sha512-66VCtyqfxHO1kJiRyRYs19cCnYtfcCjqvYSfseFa0sn71tpYMK5C3Bs8m4eTb2QKjfwD4Imwm2+DSN1WHH6XRw==

"@jsr/std__fmt@^1.0.3":
  version "1.0.6"
  resolved "https://npm.jsr.io/~/11/@jsr/std__fmt/1.0.6.tgz#D2EA8DF6D65E280D3CAF0B4DF7E0A217AD88D035"
  integrity sha512-oPA9iNSb2Cg50Les9HUxpZ1Iw6To6yn2dawJ/SiO9SRMHE0Fh7EbRw5TLz9iwkrAfoWg9NfqRYkyNkDAg0B2ZQ==

"@jsr/std__html@^1.0.3":
  version "1.0.3"
  resolved "https://npm.jsr.io/~/11/@jsr/std__html/1.0.3.tgz#FC3D35B133D7FFD3C5344521271C98F3CA768632"
  integrity sha512-yJrM4yMRZ3EQgzqR5oAP4xc4+QVo1GgimZ5NszA38quXCsFna0bEpl4heyosUtcDjuSYSdBGr5dKAQlfkQpZCQ==

"@jsr/std__media-types@^1.1.0":
  version "1.1.0"
  resolved "https://npm.jsr.io/~/11/@jsr/std__media-types/1.1.0.tgz#FA80854DC6D3CEB9F29777290433005FFB4D2147"
  integrity sha512-dHvaxHL7ENWnltgL653uo3KnKFse3ZbopZop2gqsT7yrscx7irZEClu5Cba7gMPPRk4Lg1FbriNcaBViM2RSBw==

"@jsr/std__net@^1.0.4":
  version "1.0.4"
  resolved "https://npm.jsr.io/~/11/@jsr/std__net/1.0.4.tgz#81EA78ABDF39C3B6DA8FF14A5E5B7A9A457968D7"
  integrity sha512-KJGU8ZpQ70sMW2Zk+wU3wFUkggS9lTLfRFBygnV9VaK8KI+1ggiqtB06rH4a14CNRGM9y46Mn/ZCbQUd4Q45Jg==

"@jsr/std__path@^1.0.8":
  version "1.0.8"
  resolved "https://npm.jsr.io/~/11/@jsr/std__path/1.0.8.tgz#676D3B19E1C7A3F2691E448FDBEF1ACF60A42EF6"
  integrity sha512-eNBGlh/8ZVkMxtFH4bwIzlAeKoHYk5in4wrBZhi20zMdOiuX4QozP4+19mIXBT2lzHDjhuVLyECbhFeR304iDg==

"@jsr/std__streams@^1.0.8":
  version "1.0.9"
  resolved "https://npm.jsr.io/~/11/@jsr/std__streams/1.0.9.tgz#43262187385BD0CF63CFB8BC3D11623C9FD6DB04"
  integrity sha512-nPkEijnOPwLQt6ZtvOajE6F2hCmRILaq0kR6I0JFVvxSsvhdeyFMGc8F4DqypCpfq/U+8umLcE0RNMcYdx4NlQ==
  dependencies:
    "@jsr/std__bytes" "^1.0.5"

"@std/http@npm:@jsr/std__http@^1.0.12":
  version "1.0.12"
  resolved "https://npm.jsr.io/~/11/@jsr/std__http/1.0.12.tgz#80C2872C0C17504DDE10CE811FE0C46B1FDEFEC7"
  integrity sha512-AGdon4ifRfI2KmI/7JOEGGp27pqCxemDWSLDqk79C7YM7tOUVYunRsJqc91p7TTWZY0nJs1lFmX336HpseoBOQ==
  dependencies:
    "@jsr/std__cli" "^1.0.8"
    "@jsr/std__encoding" "^1.0.5"
    "@jsr/std__fmt" "^1.0.3"
    "@jsr/std__html" "^1.0.3"
    "@jsr/std__media-types" "^1.1.0"
    "@jsr/std__net" "^1.0.4"
    "@jsr/std__path" "^1.0.8"
    "@jsr/std__streams" "^1.0.8"
