# This file is generated by running "yarn install" inside your project.
# Manual changes might be lost - proceed with caution!

__metadata:
  version: 8
  cacheKey: 10c0

"@jsr/std__bytes@npm:^1.0.5":
  version: 1.0.5
  resolution: "@jsr/std__bytes@npm:1.0.5::__archiveUrl=https%3A%2F%2Fnpm.jsr.io%2F~%2F11%2F%40jsr%2Fstd__bytes%2F1.0.5.tgz"
  checksum: 10c0/158fa197ab1f996ccbfbf976db348924e962c5e91c603cb1381fb138a6b0e9c9bdaea41397b8138b2bf0f8e051d9be24bdd14e256da61ec77cc6d27caf3fa7ad
  languageName: node
  linkType: hard

"@jsr/std__cli@npm:^1.0.8":
  version: 1.0.16
  resolution: "@jsr/std__cli@npm:1.0.16::__archiveUrl=https%3A%2F%2Fnpm.jsr.io%2F~%2F11%2F%40jsr%2Fstd__cli%2F1.0.16.tgz"
  checksum: 10c0/898123634d3bb00201767eaebf3f67b6726053bc8a51fa9406f56fdb406538908ee9ea44d0eac2eea832a5b853f319adf7364e72978fd558a4f713ad80ae8007
  languageName: node
  linkType: hard

"@jsr/std__encoding@npm:^1.0.5":
  version: 1.0.9
  resolution: "@jsr/std__encoding@npm:1.0.9::__archiveUrl=https%3A%2F%2Fnpm.jsr.io%2F~%2F11%2F%40jsr%2Fstd__encoding%2F1.0.9.tgz"
  checksum: 10c0/9ddd7f8f2abb8b8d1a13edc76aa9fda36ab3ba021729d77b90adab12f11d2f1363f6577bb42529e5132116d3559dff1e7673a23ca6060039ef62ffc624579f08
  languageName: node
  linkType: hard

"@jsr/std__fmt@npm:^1.0.3":
  version: 1.0.6
  resolution: "@jsr/std__fmt@npm:1.0.6::__archiveUrl=https%3A%2F%2Fnpm.jsr.io%2F~%2F11%2F%40jsr%2Fstd__fmt%2F1.0.6.tgz"
  checksum: 10c0/ee0459ccd5886f2736b9aacfce4b62ec40a1b9becc2fcf40c080360ef6fe8955397953a38593b4873346c01f11383c84574b3dd00bdc5d090e8bad4c4a798912
  languageName: node
  linkType: hard

"@jsr/std__html@npm:^1.0.3":
  version: 1.0.3
  resolution: "@jsr/std__html@npm:1.0.3::__archiveUrl=https%3A%2F%2Fnpm.jsr.io%2F~%2F11%2F%40jsr%2Fstd__html%2F1.0.3.tgz"
  checksum: 10c0/8ac30025a99158d6945962c08378a6df0b5b7c353e6437981225ab479a000e993ae99ee3b81b840bfd70bca17d45ff6aaae318b4d3d24d680e79933afb402771
  languageName: node
  linkType: hard

"@jsr/std__media-types@npm:^1.1.0":
  version: 1.1.0
  resolution: "@jsr/std__media-types@npm:1.1.0::__archiveUrl=https%3A%2F%2Fnpm.jsr.io%2F~%2F11%2F%40jsr%2Fstd__media-types%2F1.1.0.tgz"
  checksum: 10c0/e50a1e5b35cca967ba434ac32654ff59c8724c4414def920f32c6b4ef114e633c86f33c1a90d49bbd965b7b58d8470e4586770ae211e464b5bc9b3d03dfd3039
  languageName: node
  linkType: hard

"@jsr/std__net@npm:^1.0.4":
  version: 1.0.4
  resolution: "@jsr/std__net@npm:1.0.4::__archiveUrl=https%3A%2F%2Fnpm.jsr.io%2F~%2F11%2F%40jsr%2Fstd__net%2F1.0.4.tgz"
  checksum: 10c0/af2f6ef80d5d3923f799141214a33b357e2a1468e232920dfd19352fae378cb58f092b54c469d9a6ab4f09c42581f21f024902b6de2c6bd735d6b5f002066f13
  languageName: node
  linkType: hard

"@jsr/std__path@npm:^1.0.8":
  version: 1.0.8
  resolution: "@jsr/std__path@npm:1.0.8::__archiveUrl=https%3A%2F%2Fnpm.jsr.io%2F~%2F11%2F%40jsr%2Fstd__path%2F1.0.8.tgz"
  checksum: 10c0/f70a96ca03ec4b21563948f97eb6a5037d26fc0e9a66cd8e325788c2eab1753d5bc191739f7ca5e00d6fa251e0b9130b98f050c6db12f9807424c3cef27f78ad
  languageName: node
  linkType: hard

"@jsr/std__streams@npm:^1.0.8":
  version: 1.0.9
  resolution: "@jsr/std__streams@npm:1.0.9::__archiveUrl=https%3A%2F%2Fnpm.jsr.io%2F~%2F11%2F%40jsr%2Fstd__streams%2F1.0.9.tgz"
  dependencies:
    "@jsr/std__bytes": "npm:^1.0.5"
  checksum: 10c0/75b0836837aa8cccddfd72ca34bd65940a0a821d144d54d99ca8cbfcde82fea2f43dd7df1557f5e3c28f492ca5b9347bf9a243c090bed8ad9707db752abaaa18
  languageName: node
  linkType: hard

"@std/http@npm:@jsr/std__http@^1.0.12":
  version: 1.0.12
  resolution: "@jsr/std__http@npm:1.0.12::__archiveUrl=https%3A%2F%2Fnpm.jsr.io%2F~%2F11%2F%40jsr%2Fstd__http%2F1.0.12.tgz"
  dependencies:
    "@jsr/std__cli": "npm:^1.0.8"
    "@jsr/std__encoding": "npm:^1.0.5"
    "@jsr/std__fmt": "npm:^1.0.3"
    "@jsr/std__html": "npm:^1.0.3"
    "@jsr/std__media-types": "npm:^1.1.0"
    "@jsr/std__net": "npm:^1.0.4"
    "@jsr/std__path": "npm:^1.0.8"
    "@jsr/std__streams": "npm:^1.0.8"
  checksum: 10c0/67145e715d756e9d1f026f7e33df5c3e3e53a439ebcae698c40896556db0b103942dea14f04ade46351d5aa1f04c4b16c7377f412ff25bcbb39298ee31143086
  languageName: node
  linkType: hard

"yarn_pkg_alias@workspace:.":
  version: 0.0.0-use.local
  resolution: "yarn_pkg_alias@workspace:."
  dependencies:
    "@std/http": "npm:@jsr/std__http@^1.0.12"
  languageName: unknown
  linkType: soft
